
Microsoft Visual Studio Solution File, Format Version 12.00
# Visual Studio Version 17
VisualStudioVersion = 17.8.34525.116
MinimumVisualStudioVersion = 10.0.40219.1
Project("{FAE04EC0-301F-11D3-BF4B-00C04F79EFBC}") = "CircleAreaCalculator", "CircleAreaCalculator\CircleAreaCalculator.csproj", "{DBD23767-842F-486D-9FCD-70550A5D7FFB}"
EndProject
Project("{FAE04EC0-301F-11D3-BF4B-00C04F79EFBC}") = "AreaSquare", "AreaSquare\AreaSquare.csproj", "{9A8E734E-34C6-4F27-9D71-447F833E2AE3}"
EndProject
Project("{FAE04EC0-301F-11D3-BF4B-00C04F79EFBC}") = "TriangleArea", "TriangleArea\TriangleArea.csproj", "{F811C439-E0DD-481F-ABC4-9A2375DCB2C0}"
EndProject
Global
	GlobalSection(SolutionConfigurationPlatforms) = preSolution
		Debug|Any CPU = Debug|Any CPU
		Release|Any CPU = Release|Any CPU
	EndGlobalSection
	GlobalSection(ProjectConfigurationPlatforms) = postSolution
		{DBD23767-842F-486D-9FCD-70550A5D7FFB}.Debug|Any CPU.ActiveCfg = Debug|Any CPU
		{DBD23767-842F-486D-9FCD-70550A5D7FFB}.Debug|Any CPU.Build.0 = Debug|Any CPU
		{DBD23767-842F-486D-9FCD-70550A5D7FFB}.Release|Any CPU.ActiveCfg = Release|Any CPU
		{DBD23767-842F-486D-9FCD-70550A5D7FFB}.Release|Any CPU.Build.0 = Release|Any CPU
		{9A8E734E-34C6-4F27-9D71-447F833E2AE3}.Debug|Any CPU.ActiveCfg = Debug|Any CPU
		{9A8E734E-34C6-4F27-9D71-447F833E2AE3}.Debug|Any CPU.Build.0 = Debug|Any CPU
		{9A8E734E-34C6-4F27-9D71-447F833E2AE3}.Release|Any CPU.ActiveCfg = Release|Any CPU
		{9A8E734E-34C6-4F27-9D71-447F833E2AE3}.Release|Any CPU.Build.0 = Release|Any CPU
		{F811C439-E0DD-481F-ABC4-9A2375DCB2C0}.Debug|Any CPU.ActiveCfg = Debug|Any CPU
		{F811C439-E0DD-481F-ABC4-9A2375DCB2C0}.Debug|Any CPU.Build.0 = Debug|Any CPU
		{F811C439-E0DD-481F-ABC4-9A2375DCB2C0}.Release|Any CPU.ActiveCfg = Release|Any CPU
		{F811C439-E0DD-481F-ABC4-9A2375DCB2C0}.Release|Any CPU.Build.0 = Release|Any CPU
	EndGlobalSection
	GlobalSection(SolutionProperties) = preSolution
		HideSolutionNode = FALSE
	EndGlobalSection
	GlobalSection(ExtensibilityGlobals) = postSolution
		SolutionGuid = {73AE4F03-AA6C-4784-83EA-954DE5D56861}
	EndGlobalSection
EndGlobal
