
Microsoft Visual Studio Solution File, Format Version 12.00
# Visual Studio Version 17
VisualStudioVersion = 17.8.34525.116
MinimumVisualStudioVersion = 10.0.40219.1
Project("{9A19103F-16F7-4668-BE54-9A1E7A4F7556}") = "MyFirstApp", "MyFirstApp\MyFirstApp.csproj", "{84F57779-24F6-4DDD-BC39-69BD0B792B63}"
EndProject
Project("{9A19103F-16F7-4668-BE54-9A1E7A4F7556}") = "MySecondApp", "MySecondApp\MySecondApp.csproj", "{B5AC0C7C-91B0-45A0-9B90-722928847735}"
EndProject
Project("{FAE04EC0-301F-11D3-BF4B-00C04F79EFBC}") = "Sintaxis", "Sintaxis\Sintaxis.csproj", "{EB43B63B-59C6-4FF2-A1BF-D70ACA110FBA}"
EndProject
Global
	GlobalSection(SolutionConfigurationPlatforms) = preSolution
		Debug|Any CPU = Debug|Any CPU
		Release|Any CPU = Release|Any CPU
	EndGlobalSection
	GlobalSection(ProjectConfigurationPlatforms) = postSolution
		{84F57779-24F6-4DDD-BC39-69BD0B792B63}.Debug|Any CPU.ActiveCfg = Debug|Any CPU
		{84F57779-24F6-4DDD-BC39-69BD0B792B63}.Debug|Any CPU.Build.0 = Debug|Any CPU
		{84F57779-24F6-4DDD-BC39-69BD0B792B63}.Release|Any CPU.ActiveCfg = Release|Any CPU
		{84F57779-24F6-4DDD-BC39-69BD0B792B63}.Release|Any CPU.Build.0 = Release|Any CPU
		{B5AC0C7C-91B0-45A0-9B90-722928847735}.Debug|Any CPU.ActiveCfg = Debug|Any CPU
		{B5AC0C7C-91B0-45A0-9B90-722928847735}.Debug|Any CPU.Build.0 = Debug|Any CPU
		{B5AC0C7C-91B0-45A0-9B90-722928847735}.Release|Any CPU.ActiveCfg = Release|Any CPU
		{B5AC0C7C-91B0-45A0-9B90-722928847735}.Release|Any CPU.Build.0 = Release|Any CPU
		{EB43B63B-59C6-4FF2-A1BF-D70ACA110FBA}.Debug|Any CPU.ActiveCfg = Debug|Any CPU
		{EB43B63B-59C6-4FF2-A1BF-D70ACA110FBA}.Debug|Any CPU.Build.0 = Debug|Any CPU
		{EB43B63B-59C6-4FF2-A1BF-D70ACA110FBA}.Release|Any CPU.ActiveCfg = Release|Any CPU
		{EB43B63B-59C6-4FF2-A1BF-D70ACA110FBA}.Release|Any CPU.Build.0 = Release|Any CPU
	EndGlobalSection
	GlobalSection(SolutionProperties) = preSolution
		HideSolutionNode = FALSE
	EndGlobalSection
	GlobalSection(ExtensibilityGlobals) = postSolution
		SolutionGuid = {8FF231BB-1CF2-4396-ABE8-220BE5C7D309}
	EndGlobalSection
EndGlobal
